// !$*UTF8*$!
{
	archiveVersion = 1;
	classes = {
	};
	objectVersion = 50;
	objects = {

/* Begin PBXBuildFile section */
		37D4159B20ACFDA70027F357 /* Onboarding.storyboard in Resources */ = {isa = PBXBuildFile; fileRef = 37D4159A20ACFDA70027F357 /* Onboarding.storyboard */; };
		37D415A220AE8ABB0027F357 /* OnboardPageViewController.swift in Sources */ = {isa = PBXBuildFile; fileRef = 37D415A120AE8ABB0027F357 /* OnboardPageViewController.swift */; };
		37D415A420AEB43F0027F357 /* ConvoOnboard.storyboard in Resources */ = {isa = PBXBuildFile; fileRef = 37D415A320AEB43F0027F357 /* ConvoOnboard.storyboard */; };
		37D415A620AEB55A0027F357 /* ConvoPageViewController.swift in Sources */ = {isa = PBXBuildFile; fileRef = 37D415A520AEB55A0027F357 /* ConvoPageViewController.swift */; };
		37D415AA20AEB6510027F357 /* SignUp.storyboard in Resources */ = {isa = PBXBuildFile; fileRef = 37D415A920AEB6510027F357 /* SignUp.storyboard */; };
		37D415AC20AEB66F0027F357 /* SignUpViewController.swift in Sources */ = {isa = PBXBuildFile; fileRef = 37D415AB20AEB66F0027F357 /* SignUpViewController.swift */; };
		37D415B020B0C2D80027F357 /* AddEventView.swift in Sources */ = {isa = PBXBuildFile; fileRef = 37D415AF20B0C2D80027F357 /* AddEventView.swift */; };
		37D415B320B0D0F20027F357 /* UIColorEx.swift in Sources */ = {isa = PBXBuildFile; fileRef = 37D415B220B0D0F10027F357 /* UIColorEx.swift */; };
		37D415B620B151550027F357 /* EventsTableViewController.swift in Sources */ = {isa = PBXBuildFile; fileRef = 37D415B520B151540027F357 /* EventsTableViewController.swift */; };
		37D415B820B2879D0027F357 /* EventCardViewCell.swift in Sources */ = {isa = PBXBuildFile; fileRef = 37D415B720B2879D0027F357 /* EventCardViewCell.swift */; };
		37D415BA20B288D10027F357 /* Event.swift in Sources */ = {isa = PBXBuildFile; fileRef = 37D415B920B288D10027F357 /* Event.swift */; };
		37D415BE20B2A1340027F357 /* DetailsBeforeControllerViewController.swift in Sources */ = {isa = PBXBuildFile; fileRef = 37D415BD20B2A1340027F357 /* DetailsBeforeControllerViewController.swift */; };
		37D415C020B371360027F357 /* PromptViewController.swift in Sources */ = {isa = PBXBuildFile; fileRef = 37D415BF20B371360027F357 /* PromptViewController.swift */; };
		37D415C220B3714B0027F357 /* Prompt.storyboard in Resources */ = {isa = PBXBuildFile; fileRef = 37D415C120B3714B0027F357 /* Prompt.storyboard */; };
		37D415C420B388AD0027F357 /* ConvoScreenViewController.swift in Sources */ = {isa = PBXBuildFile; fileRef = 37D415C320B388AD0027F357 /* ConvoScreenViewController.swift */; };
		37D415C620B38FD50027F357 /* QR.storyboard in Resources */ = {isa = PBXBuildFile; fileRef = 37D415C520B38FD50027F357 /* QR.storyboard */; };
		37D415C820B4D69B0027F357 /* Contact.swift in Sources */ = {isa = PBXBuildFile; fileRef = 37D415C720B4D69A0027F357 /* Contact.swift */; };
		37D415CA20B4D7410027F357 /* InMemData.swift in Sources */ = {isa = PBXBuildFile; fileRef = 37D415C920B4D7410027F357 /* InMemData.swift */; };
		AA70E7F820AFA70900C36A88 /* Events.storyboard in Resources */ = {isa = PBXBuildFile; fileRef = AA70E7F720AFA70900C36A88 /* Events.storyboard */; };
		AA70E7FA20AFA92E00C36A88 /* EventsViewController.swift in Sources */ = {isa = PBXBuildFile; fileRef = AA70E7F920AFA92E00C36A88 /* EventsViewController.swift */; };
		AA70E7FC20AFB48C00C36A88 /* AddEventViewController.swift in Sources */ = {isa = PBXBuildFile; fileRef = AA70E7FB20AFB48C00C36A88 /* AddEventViewController.swift */; };
		B14BC95E20AA4CB300AC6524 /* AppDelegate.swift in Sources */ = {isa = PBXBuildFile; fileRef = B14BC95D20AA4CB300AC6524 /* AppDelegate.swift */; };
		B14BC96320AA4CB300AC6524 /* Main.storyboard in Resources */ = {isa = PBXBuildFile; fileRef = B14BC96120AA4CB300AC6524 /* Main.storyboard */; };
		B14BC96520AA4CB800AC6524 /* Assets.xcassets in Resources */ = {isa = PBXBuildFile; fileRef = B14BC96420AA4CB800AC6524 /* Assets.xcassets */; };
		B14BC96820AA4CB800AC6524 /* LaunchScreen.storyboard in Resources */ = {isa = PBXBuildFile; fileRef = B14BC96620AA4CB800AC6524 /* LaunchScreen.storyboard */; };
		B14BC97320AA4CB900AC6524 /* Social_HuesTests.swift in Sources */ = {isa = PBXBuildFile; fileRef = B14BC97220AA4CB900AC6524 /* Social_HuesTests.swift */; };
		B193664720B0E9BD003B329E /* FONT in Resources */ = {isa = PBXBuildFile; fileRef = B193664620B0E9BB003B329E /* FONT */; };
		B1AEDB6E20B2350A009FCF5B /* ExtraSettings.storyboard in Resources */ = {isa = PBXBuildFile; fileRef = B1AEDB6D20B2350A009FCF5B /* ExtraSettings.storyboard */; };
		B1AEDB7020B27D4D009FCF5B /* Details.storyboard in Resources */ = {isa = PBXBuildFile; fileRef = B1AEDB6F20B27D4D009FCF5B /* Details.storyboard */; };
/* End PBXBuildFile section */

/* Begin PBXContainerItemProxy section */
		B14BC96F20AA4CB900AC6524 /* PBXContainerItemProxy */ = {
			isa = PBXContainerItemProxy;
			containerPortal = B14BC95220AA4CB300AC6524 /* Project object */;
			proxyType = 1;
			remoteGlobalIDString = B14BC95920AA4CB300AC6524;
			remoteInfo = "Social Hues";
		};
/* End PBXContainerItemProxy section */

/* Begin PBXFileReference section */
		37D4159A20ACFDA70027F357 /* Onboarding.storyboard */ = {isa = PBXFileReference; lastKnownFileType = file.storyboard; path = Onboarding.storyboard; sourceTree = "<group>"; };
		37D415A120AE8ABB0027F357 /* OnboardPageViewController.swift */ = {isa = PBXFileReference; lastKnownFileType = sourcecode.swift; path = OnboardPageViewController.swift; sourceTree = "<group>"; };
		37D415A320AEB43F0027F357 /* ConvoOnboard.storyboard */ = {isa = PBXFileReference; lastKnownFileType = file.storyboard; path = ConvoOnboard.storyboard; sourceTree = "<group>"; };
		37D415A520AEB55A0027F357 /* ConvoPageViewController.swift */ = {isa = PBXFileReference; lastKnownFileType = sourcecode.swift; path = ConvoPageViewController.swift; sourceTree = "<group>"; };
		37D415A920AEB6510027F357 /* SignUp.storyboard */ = {isa = PBXFileReference; lastKnownFileType = file.storyboard; path = SignUp.storyboard; sourceTree = "<group>"; };
		37D415AB20AEB66F0027F357 /* SignUpViewController.swift */ = {isa = PBXFileReference; lastKnownFileType = sourcecode.swift; path = SignUpViewController.swift; sourceTree = "<group>"; };
		37D415AF20B0C2D80027F357 /* AddEventView.swift */ = {isa = PBXFileReference; lastKnownFileType = sourcecode.swift; path = AddEventView.swift; sourceTree = "<group>"; };
		37D415B220B0D0F10027F357 /* UIColorEx.swift */ = {isa = PBXFileReference; lastKnownFileType = sourcecode.swift; path = UIColorEx.swift; sourceTree = "<group>"; };
		37D415B520B151540027F357 /* EventsTableViewController.swift */ = {isa = PBXFileReference; lastKnownFileType = sourcecode.swift; path = EventsTableViewController.swift; sourceTree = "<group>"; };
		37D415B720B2879D0027F357 /* EventCardViewCell.swift */ = {isa = PBXFileReference; lastKnownFileType = sourcecode.swift; path = EventCardViewCell.swift; sourceTree = "<group>"; };
		37D415B920B288D10027F357 /* Event.swift */ = {isa = PBXFileReference; lastKnownFileType = sourcecode.swift; path = Event.swift; sourceTree = "<group>"; };
		37D415BD20B2A1340027F357 /* DetailsBeforeControllerViewController.swift */ = {isa = PBXFileReference; lastKnownFileType = sourcecode.swift; path = DetailsBeforeControllerViewController.swift; sourceTree = "<group>"; };
		37D415BF20B371360027F357 /* PromptViewController.swift */ = {isa = PBXFileReference; lastKnownFileType = sourcecode.swift; name = PromptViewController.swift; path = ViewControllers/PromptViewController.swift; sourceTree = SOURCE_ROOT; };
		37D415C120B3714B0027F357 /* Prompt.storyboard */ = {isa = PBXFileReference; lastKnownFileType = file.storyboard; path = Prompt.storyboard; sourceTree = "<group>"; };
		37D415C320B388AD0027F357 /* ConvoScreenViewController.swift */ = {isa = PBXFileReference; lastKnownFileType = sourcecode.swift; path = ConvoScreenViewController.swift; sourceTree = "<group>"; };
		37D415C520B38FD50027F357 /* QR.storyboard */ = {isa = PBXFileReference; lastKnownFileType = file.storyboard; path = QR.storyboard; sourceTree = "<group>"; };
		37D415C720B4D69A0027F357 /* Contact.swift */ = {isa = PBXFileReference; lastKnownFileType = sourcecode.swift; path = Contact.swift; sourceTree = "<group>"; };
		37D415C920B4D7410027F357 /* InMemData.swift */ = {isa = PBXFileReference; lastKnownFileType = sourcecode.swift; path = InMemData.swift; sourceTree = "<group>"; };
		AA70E7F720AFA70900C36A88 /* Events.storyboard */ = {isa = PBXFileReference; lastKnownFileType = file.storyboard; path = Events.storyboard; sourceTree = "<group>"; };
		AA70E7F920AFA92E00C36A88 /* EventsViewController.swift */ = {isa = PBXFileReference; lastKnownFileType = sourcecode.swift; path = EventsViewController.swift; sourceTree = "<group>"; };
		AA70E7FB20AFB48C00C36A88 /* AddEventViewController.swift */ = {isa = PBXFileReference; lastKnownFileType = sourcecode.swift; path = AddEventViewController.swift; sourceTree = "<group>"; };
		B14BC95A20AA4CB300AC6524 /* Social Hues.app */ = {isa = PBXFileReference; explicitFileType = wrapper.application; includeInIndex = 0; path = "Social Hues.app"; sourceTree = BUILT_PRODUCTS_DIR; };
		B14BC95D20AA4CB300AC6524 /* AppDelegate.swift */ = {isa = PBXFileReference; lastKnownFileType = sourcecode.swift; path = AppDelegate.swift; sourceTree = "<group>"; };
		B14BC96220AA4CB300AC6524 /* Base */ = {isa = PBXFileReference; lastKnownFileType = file.storyboard; name = Base; path = Base.lproj/Main.storyboard; sourceTree = "<group>"; };
		B14BC96420AA4CB800AC6524 /* Assets.xcassets */ = {isa = PBXFileReference; lastKnownFileType = folder.assetcatalog; path = Assets.xcassets; sourceTree = "<group>"; };
		B14BC96720AA4CB800AC6524 /* Base */ = {isa = PBXFileReference; lastKnownFileType = file.storyboard; name = Base; path = Base.lproj/LaunchScreen.storyboard; sourceTree = "<group>"; };
		B14BC96920AA4CB900AC6524 /* Info.plist */ = {isa = PBXFileReference; lastKnownFileType = text.plist.xml; path = Info.plist; sourceTree = "<group>"; };
		B14BC96E20AA4CB900AC6524 /* Social HuesTests.xctest */ = {isa = PBXFileReference; explicitFileType = wrapper.cfbundle; includeInIndex = 0; path = "Social HuesTests.xctest"; sourceTree = BUILT_PRODUCTS_DIR; };
		B14BC97220AA4CB900AC6524 /* Social_HuesTests.swift */ = {isa = PBXFileReference; lastKnownFileType = sourcecode.swift; path = Social_HuesTests.swift; sourceTree = "<group>"; };
		B14BC97420AA4CB900AC6524 /* Info.plist */ = {isa = PBXFileReference; lastKnownFileType = text.plist.xml; path = Info.plist; sourceTree = "<group>"; };
		B193664620B0E9BB003B329E /* FONT */ = {isa = PBXFileReference; lastKnownFileType = folder; name = FONT; path = "../../../../../../Downloads/final assets/FONT"; sourceTree = "<group>"; };
		B193664820B0EAA3003B329E /* FONT */ = {isa = PBXFileReference; lastKnownFileType = folder; name = FONT; path = "../../../../../Downloads/final assets/FONT"; sourceTree = "<group>"; };
		B1AEDB6D20B2350A009FCF5B /* ExtraSettings.storyboard */ = {isa = PBXFileReference; lastKnownFileType = file.storyboard; path = ExtraSettings.storyboard; sourceTree = "<group>"; };
		B1AEDB6F20B27D4D009FCF5B /* Details.storyboard */ = {isa = PBXFileReference; lastKnownFileType = file.storyboard; path = Details.storyboard; sourceTree = "<group>"; };
/* End PBXFileReference section */

/* Begin PBXFrameworksBuildPhase section */
		B14BC95720AA4CB300AC6524 /* Frameworks */ = {
			isa = PBXFrameworksBuildPhase;
			buildActionMask = 2147483647;
			files = (
			);
			runOnlyForDeploymentPostprocessing = 0;
		};
		B14BC96B20AA4CB900AC6524 /* Frameworks */ = {
			isa = PBXFrameworksBuildPhase;
			buildActionMask = 2147483647;
			files = (
			);
			runOnlyForDeploymentPostprocessing = 0;
		};
/* End PBXFrameworksBuildPhase section */

/* Begin PBXGroup section */
		37D4159920ACFC4D0027F357 /* Storyboards */ = {
			isa = PBXGroup;
			children = (
				B14BC96120AA4CB300AC6524 /* Main.storyboard */,
				B14BC96620AA4CB800AC6524 /* LaunchScreen.storyboard */,
				37D4159A20ACFDA70027F357 /* Onboarding.storyboard */,
				37D415A320AEB43F0027F357 /* ConvoOnboard.storyboard */,
				37D415A920AEB6510027F357 /* SignUp.storyboard */,
				AA70E7F720AFA70900C36A88 /* Events.storyboard */,
				B1AEDB6F20B27D4D009FCF5B /* Details.storyboard */,
				B1AEDB6D20B2350A009FCF5B /* ExtraSettings.storyboard */,
				37D415C120B3714B0027F357 /* Prompt.storyboard */,
				37D415C520B38FD50027F357 /* QR.storyboard */,
			);
			path = Storyboards;
			sourceTree = "<group>";
		};
		37D415AD20AECF060027F357 /* Model */ = {
			isa = PBXGroup;
			children = (
				37D415B920B288D10027F357 /* Event.swift */,
				37D415C720B4D69A0027F357 /* Contact.swift */,
				37D415C920B4D7410027F357 /* InMemData.swift */,
			);
			path = Model;
			sourceTree = "<group>";
		};
		37D415AE20B0C2C40027F357 /* Views */ = {
			isa = PBXGroup;
			children = (
				37D415B720B2879D0027F357 /* EventCardViewCell.swift */,
				37D415AF20B0C2D80027F357 /* AddEventView.swift */,
			);
			path = Views;
			sourceTree = "<group>";
		};
		37D415B120B0D0E00027F357 /* Util */ = {
			isa = PBXGroup;
			children = (
				37D415B220B0D0F10027F357 /* UIColorEx.swift */,
			);
			path = Util;
			sourceTree = "<group>";
		};
		37D415B420B0EBA10027F357 /* ViewControllers */ = {
			isa = PBXGroup;
			children = (
				37D415BF20B371360027F357 /* PromptViewController.swift */,
				37D415A120AE8ABB0027F357 /* OnboardPageViewController.swift */,
				37D415A520AEB55A0027F357 /* ConvoPageViewController.swift */,
				37D415AB20AEB66F0027F357 /* SignUpViewController.swift */,
				AA70E7F920AFA92E00C36A88 /* EventsViewController.swift */,
				AA70E7FB20AFB48C00C36A88 /* AddEventViewController.swift */,
				37D415B520B151540027F357 /* EventsTableViewController.swift */,
				37D415BD20B2A1340027F357 /* DetailsBeforeControllerViewController.swift */,
				37D415C320B388AD0027F357 /* ConvoScreenViewController.swift */,
			);
			path = ViewControllers;
			sourceTree = "<group>";
		};
		B14BC95120AA4CB300AC6524 = {
			isa = PBXGroup;
			children = (
				B193664820B0EAA3003B329E /* FONT */,
				37D415AD20AECF060027F357 /* Model */,
				B14BC95B20AA4CB300AC6524 /* Products */,
				B14BC95C20AA4CB300AC6524 /* Social Hues */,
				B14BC97120AA4CB900AC6524 /* Social HuesTests */,
				37D4159920ACFC4D0027F357 /* Storyboards */,
				37D415B120B0D0E00027F357 /* Util */,
				37D415B420B0EBA10027F357 /* ViewControllers */,
				37D415AE20B0C2C40027F357 /* Views */,
			);
			sourceTree = "<group>";
		};
		B14BC95B20AA4CB300AC6524 /* Products */ = {
			isa = PBXGroup;
			children = (
				B14BC95A20AA4CB300AC6524 /* Social Hues.app */,
				B14BC96E20AA4CB900AC6524 /* Social HuesTests.xctest */,
			);
			name = Products;
			sourceTree = "<group>";
		};
		B14BC95C20AA4CB300AC6524 /* Social Hues */ = {
			isa = PBXGroup;
			children = (
				B14BC95D20AA4CB300AC6524 /* AppDelegate.swift */,
				B193664620B0E9BB003B329E /* FONT */,
				B14BC96420AA4CB800AC6524 /* Assets.xcassets */,
				B14BC96920AA4CB900AC6524 /* Info.plist */,
			);
			path = "Social Hues";
			sourceTree = "<group>";
		};
		B14BC97120AA4CB900AC6524 /* Social HuesTests */ = {
			isa = PBXGroup;
			children = (
				B14BC97220AA4CB900AC6524 /* Social_HuesTests.swift */,
				B14BC97420AA4CB900AC6524 /* Info.plist */,
			);
			path = "Social HuesTests";
			sourceTree = "<group>";
		};
/* End PBXGroup section */

/* Begin PBXNativeTarget section */
		B14BC95920AA4CB300AC6524 /* Social Hues */ = {
			isa = PBXNativeTarget;
			buildConfigurationList = B14BC97720AA4CB900AC6524 /* Build configuration list for PBXNativeTarget "Social Hues" */;
			buildPhases = (
				B14BC95620AA4CB300AC6524 /* Sources */,
				B14BC95720AA4CB300AC6524 /* Frameworks */,
				B14BC95820AA4CB300AC6524 /* Resources */,
			);
			buildRules = (
			);
			dependencies = (
			);
			name = "Social Hues";
			productName = "Social Hues";
			productReference = B14BC95A20AA4CB300AC6524 /* Social Hues.app */;
			productType = "com.apple.product-type.application";
		};
		B14BC96D20AA4CB900AC6524 /* Social HuesTests */ = {
			isa = PBXNativeTarget;
			buildConfigurationList = B14BC97A20AA4CB900AC6524 /* Build configuration list for PBXNativeTarget "Social HuesTests" */;
			buildPhases = (
				B14BC96A20AA4CB900AC6524 /* Sources */,
				B14BC96B20AA4CB900AC6524 /* Frameworks */,
				B14BC96C20AA4CB900AC6524 /* Resources */,
			);
			buildRules = (
			);
			dependencies = (
				B14BC97020AA4CB900AC6524 /* PBXTargetDependency */,
			);
			name = "Social HuesTests";
			productName = "Social HuesTests";
			productReference = B14BC96E20AA4CB900AC6524 /* Social HuesTests.xctest */;
			productType = "com.apple.product-type.bundle.unit-test";
		};
/* End PBXNativeTarget section */

/* Begin PBXProject section */
		B14BC95220AA4CB300AC6524 /* Project object */ = {
			isa = PBXProject;
			attributes = {
				LastSwiftUpdateCheck = 0930;
				LastUpgradeCheck = 0930;
				ORGANIZATIONNAME = "Sarah Zhou";
				TargetAttributes = {
					B14BC95920AA4CB300AC6524 = {
						CreatedOnToolsVersion = 9.3;
					};
					B14BC96D20AA4CB900AC6524 = {
						CreatedOnToolsVersion = 9.3;
						TestTargetID = B14BC95920AA4CB300AC6524;
					};
				};
			};
			buildConfigurationList = B14BC95520AA4CB300AC6524 /* Build configuration list for PBXProject "Social Hues" */;
			compatibilityVersion = "Xcode 9.3";
			developmentRegion = en;
			hasScannedForEncodings = 0;
			knownRegions = (
				en,
				Base,
			);
			mainGroup = B14BC95120AA4CB300AC6524;
			productRefGroup = B14BC95B20AA4CB300AC6524 /* Products */;
			projectDirPath = "";
			projectRoot = "";
			targets = (
				B14BC95920AA4CB300AC6524 /* Social Hues */,
				B14BC96D20AA4CB900AC6524 /* Social HuesTests */,
			);
		};
/* End PBXProject section */

/* Begin PBXResourcesBuildPhase section */
		B14BC95820AA4CB300AC6524 /* Resources */ = {
			isa = PBXResourcesBuildPhase;
			buildActionMask = 2147483647;
			files = (
				B193664720B0E9BD003B329E /* FONT in Resources */,
				37D415C220B3714B0027F357 /* Prompt.storyboard in Resources */,
				B1AEDB7020B27D4D009FCF5B /* Details.storyboard in Resources */,
				B1AEDB6E20B2350A009FCF5B /* ExtraSettings.storyboard in Resources */,
				B14BC96820AA4CB800AC6524 /* LaunchScreen.storyboard in Resources */,
				37D415C620B38FD50027F357 /* QR.storyboard in Resources */,
				37D415A420AEB43F0027F357 /* ConvoOnboard.storyboard in Resources */,
				AA70E7F820AFA70900C36A88 /* Events.storyboard in Resources */,
				37D415AA20AEB6510027F357 /* SignUp.storyboard in Resources */,
				B14BC96520AA4CB800AC6524 /* Assets.xcassets in Resources */,
				B14BC96320AA4CB300AC6524 /* Main.storyboard in Resources */,
				37D4159B20ACFDA70027F357 /* Onboarding.storyboard in Resources */,
			);
			runOnlyForDeploymentPostprocessing = 0;
		};
		B14BC96C20AA4CB900AC6524 /* Resources */ = {
			isa = PBXResourcesBuildPhase;
			buildActionMask = 2147483647;
			files = (
			);
			runOnlyForDeploymentPostprocessing = 0;
		};
/* End PBXResourcesBuildPhase section */

/* Begin PBXSourcesBuildPhase section */
		B14BC95620AA4CB300AC6524 /* Sources */ = {
			isa = PBXSourcesBuildPhase;
			buildActionMask = 2147483647;
			files = (
				B14BC95E20AA4CB300AC6524 /* AppDelegate.swift in Sources */,
				37D415BE20B2A1340027F357 /* DetailsBeforeControllerViewController.swift in Sources */,
				37D415B020B0C2D80027F357 /* AddEventView.swift in Sources */,
				37D415C820B4D69B0027F357 /* Contact.swift in Sources */,
				37D415B620B151550027F357 /* EventsTableViewController.swift in Sources */,
				37D415B820B2879D0027F357 /* EventCardViewCell.swift in Sources */,
				AA70E7FC20AFB48C00C36A88 /* AddEventViewController.swift in Sources */,
				37D415A620AEB55A0027F357 /* ConvoPageViewController.swift in Sources */,
				37D415B320B0D0F20027F357 /* UIColorEx.swift in Sources */,
				37D415C420B388AD0027F357 /* ConvoScreenViewController.swift in Sources */,
				37D415AC20AEB66F0027F357 /* SignUpViewController.swift in Sources */,
				37D415A220AE8ABB0027F357 /* OnboardPageViewController.swift in Sources */,
				37D415CA20B4D7410027F357 /* InMemData.swift in Sources */,
				37D415BA20B288D10027F357 /* Event.swift in Sources */,
				37D415C020B371360027F357 /* PromptViewController.swift in Sources */,
				AA70E7FA20AFA92E00C36A88 /* EventsViewController.swift in Sources */,
			);
			runOnlyForDeploymentPostprocessing = 0;
		};
		B14BC96A20AA4CB900AC6524 /* Sources */ = {
			isa = PBXSourcesBuildPhase;
			buildActionMask = 2147483647;
			files = (
				B14BC97320AA4CB900AC6524 /* Social_HuesTests.swift in Sources */,
			);
			runOnlyForDeploymentPostprocessing = 0;
		};
/* End PBXSourcesBuildPhase section */

/* Begin PBXTargetDependency section */
		B14BC97020AA4CB900AC6524 /* PBXTargetDependency */ = {
			isa = PBXTargetDependency;
			target = B14BC95920AA4CB300AC6524 /* Social Hues */;
			targetProxy = B14BC96F20AA4CB900AC6524 /* PBXContainerItemProxy */;
		};
/* End PBXTargetDependency section */

/* Begin PBXVariantGroup section */
		B14BC96120AA4CB300AC6524 /* Main.storyboard */ = {
			isa = PBXVariantGroup;
			children = (
				B14BC96220AA4CB300AC6524 /* Base */,
			);
			name = Main.storyboard;
			sourceTree = "<group>";
		};
		B14BC96620AA4CB800AC6524 /* LaunchScreen.storyboard */ = {
			isa = PBXVariantGroup;
			children = (
				B14BC96720AA4CB800AC6524 /* Base */,
			);
			name = LaunchScreen.storyboard;
			sourceTree = "<group>";
		};
/* End PBXVariantGroup section */

/* Begin XCBuildConfiguration section */
		B14BC97520AA4CB900AC6524 /* Debug */ = {
			isa = XCBuildConfiguration;
			buildSettings = {
				ALWAYS_SEARCH_USER_PATHS = NO;
				CLANG_ANALYZER_NONNULL = YES;
				CLANG_ANALYZER_NUMBER_OBJECT_CONVERSION = YES_AGGRESSIVE;
				CLANG_CXX_LANGUAGE_STANDARD = "gnu++14";
				CLANG_CXX_LIBRARY = "libc++";
				CLANG_ENABLE_MODULES = YES;
				CLANG_ENABLE_OBJC_ARC = YES;
				CLANG_ENABLE_OBJC_WEAK = YES;
				CLANG_WARN_BLOCK_CAPTURE_AUTORELEASING = YES;
				CLANG_WARN_BOOL_CONVERSION = YES;
				CLANG_WARN_COMMA = YES;
				CLANG_WARN_CONSTANT_CONVERSION = YES;
				CLANG_WARN_DEPRECATED_OBJC_IMPLEMENTATIONS = YES;
				CLANG_WARN_DIRECT_OBJC_ISA_USAGE = YES_ERROR;
				CLANG_WARN_DOCUMENTATION_COMMENTS = YES;
				CLANG_WARN_EMPTY_BODY = YES;
				CLANG_WARN_ENUM_CONVERSION = YES;
				CLANG_WARN_INFINITE_RECURSION = YES;
				CLANG_WARN_INT_CONVERSION = YES;
				CLANG_WARN_NON_LITERAL_NULL_CONVERSION = YES;
				CLANG_WARN_OBJC_IMPLICIT_RETAIN_SELF = YES;
				CLANG_WARN_OBJC_LITERAL_CONVERSION = YES;
				CLANG_WARN_OBJC_ROOT_CLASS = YES_ERROR;
				CLANG_WARN_RANGE_LOOP_ANALYSIS = YES;
				CLANG_WARN_STRICT_PROTOTYPES = YES;
				CLANG_WARN_SUSPICIOUS_MOVE = YES;
				CLANG_WARN_UNGUARDED_AVAILABILITY = YES_AGGRESSIVE;
				CLANG_WARN_UNREACHABLE_CODE = YES;
				CLANG_WARN__DUPLICATE_METHOD_MATCH = YES;
				CODE_SIGN_IDENTITY = "iPhone Developer";
				COPY_PHASE_STRIP = NO;
				DEBUG_INFORMATION_FORMAT = dwarf;
				ENABLE_STRICT_OBJC_MSGSEND = YES;
				ENABLE_TESTABILITY = YES;
				GCC_C_LANGUAGE_STANDARD = gnu11;
				GCC_DYNAMIC_NO_PIC = NO;
				GCC_NO_COMMON_BLOCKS = YES;
				GCC_OPTIMIZATION_LEVEL = 0;
				GCC_PREPROCESSOR_DEFINITIONS = (
					"DEBUG=1",
					"$(inherited)",
				);
				GCC_WARN_64_TO_32_BIT_CONVERSION = YES;
				GCC_WARN_ABOUT_RETURN_TYPE = YES_ERROR;
				GCC_WARN_UNDECLARED_SELECTOR = YES;
				GCC_WARN_UNINITIALIZED_AUTOS = YES_AGGRESSIVE;
				GCC_WARN_UNUSED_FUNCTION = YES;
				GCC_WARN_UNUSED_VARIABLE = YES;
				IPHONEOS_DEPLOYMENT_TARGET = 11.3;
				MTL_ENABLE_DEBUG_INFO = YES;
				ONLY_ACTIVE_ARCH = YES;
				SDKROOT = iphoneos;
				SWIFT_ACTIVE_COMPILATION_CONDITIONS = DEBUG;
				SWIFT_OPTIMIZATION_LEVEL = "-Onone";
			};
			name = Debug;
		};
		B14BC97620AA4CB900AC6524 /* Release */ = {
			isa = XCBuildConfiguration;
			buildSettings = {
				ALWAYS_SEARCH_USER_PATHS = NO;
				CLANG_ANALYZER_NONNULL = YES;
				CLANG_ANALYZER_NUMBER_OBJECT_CONVERSION = YES_AGGRESSIVE;
				CLANG_CXX_LANGUAGE_STANDARD = "gnu++14";
				CLANG_CXX_LIBRARY = "libc++";
				CLANG_ENABLE_MODULES = YES;
				CLANG_ENABLE_OBJC_ARC = YES;
				CLANG_ENABLE_OBJC_WEAK = YES;
				CLANG_WARN_BLOCK_CAPTURE_AUTORELEASING = YES;
				CLANG_WARN_BOOL_CONVERSION = YES;
				CLANG_WARN_COMMA = YES;
				CLANG_WARN_CONSTANT_CONVERSION = YES;
				CLANG_WARN_DEPRECATED_OBJC_IMPLEMENTATIONS = YES;
				CLANG_WARN_DIRECT_OBJC_ISA_USAGE = YES_ERROR;
				CLANG_WARN_DOCUMENTATION_COMMENTS = YES;
				CLANG_WARN_EMPTY_BODY = YES;
				CLANG_WARN_ENUM_CONVERSION = YES;
				CLANG_WARN_INFINITE_RECURSION = YES;
				CLANG_WARN_INT_CONVERSION = YES;
				CLANG_WARN_NON_LITERAL_NULL_CONVERSION = YES;
				CLANG_WARN_OBJC_IMPLICIT_RETAIN_SELF = YES;
				CLANG_WARN_OBJC_LITERAL_CONVERSION = YES;
				CLANG_WARN_OBJC_ROOT_CLASS = YES_ERROR;
				CLANG_WARN_RANGE_LOOP_ANALYSIS = YES;
				CLANG_WARN_STRICT_PROTOTYPES = YES;
				CLANG_WARN_SUSPICIOUS_MOVE = YES;
				CLANG_WARN_UNGUARDED_AVAILABILITY = YES_AGGRESSIVE;
				CLANG_WARN_UNREACHABLE_CODE = YES;
				CLANG_WARN__DUPLICATE_METHOD_MATCH = YES;
				CODE_SIGN_IDENTITY = "iPhone Developer";
				COPY_PHASE_STRIP = NO;
				DEBUG_INFORMATION_FORMAT = "dwarf-with-dsym";
				ENABLE_NS_ASSERTIONS = NO;
				ENABLE_STRICT_OBJC_MSGSEND = YES;
				GCC_C_LANGUAGE_STANDARD = gnu11;
				GCC_NO_COMMON_BLOCKS = YES;
				GCC_WARN_64_TO_32_BIT_CONVERSION = YES;
				GCC_WARN_ABOUT_RETURN_TYPE = YES_ERROR;
				GCC_WARN_UNDECLARED_SELECTOR = YES;
				GCC_WARN_UNINITIALIZED_AUTOS = YES_AGGRESSIVE;
				GCC_WARN_UNUSED_FUNCTION = YES;
				GCC_WARN_UNUSED_VARIABLE = YES;
				IPHONEOS_DEPLOYMENT_TARGET = 11.3;
				MTL_ENABLE_DEBUG_INFO = NO;
				SDKROOT = iphoneos;
				SWIFT_COMPILATION_MODE = wholemodule;
				SWIFT_OPTIMIZATION_LEVEL = "-O";
				VALIDATE_PRODUCT = YES;
			};
			name = Release;
		};
		B14BC97820AA4CB900AC6524 /* Debug */ = {
			isa = XCBuildConfiguration;
			buildSettings = {
				ASSETCATALOG_COMPILER_APPICON_NAME = AppIcon;
				CODE_SIGN_IDENTITY = "iPhone Developer";
				CODE_SIGN_STYLE = Automatic;
				DEVELOPMENT_TEAM = UE4AVLL9FF;
				INFOPLIST_FILE = "Social Hues/Info.plist";
				LD_RUNPATH_SEARCH_PATHS = (
					"$(inherited)",
					"@executable_path/Frameworks",
				);
				PRODUCT_BUNDLE_IDENTIFIER = com.socialhues.demo;
				PRODUCT_NAME = "$(TARGET_NAME)";
				PROVISIONING_PROFILE = "";
				PROVISIONING_PROFILE_SPECIFIER = "";
				SWIFT_VERSION = 4.0;
				TARGETED_DEVICE_FAMILY = "1,2";
			};
			name = Debug;
		};
		B14BC97920AA4CB900AC6524 /* Release */ = {
			isa = XCBuildConfiguration;
			buildSettings = {
				ASSETCATALOG_COMPILER_APPICON_NAME = AppIcon;
				CODE_SIGN_IDENTITY = "iPhone Developer";
				CODE_SIGN_STYLE = Automatic;
				DEVELOPMENT_TEAM = UE4AVLL9FF;
				INFOPLIST_FILE = "Social Hues/Info.plist";
				LD_RUNPATH_SEARCH_PATHS = (
					"$(inherited)",
					"@executable_path/Frameworks",
				);
				PRODUCT_BUNDLE_IDENTIFIER = com.socialhues.demo;
				PRODUCT_NAME = "$(TARGET_NAME)";
				PROVISIONING_PROFILE_SPECIFIER = "";
				SWIFT_VERSION = 4.0;
				TARGETED_DEVICE_FAMILY = "1,2";
			};
			name = Release;
		};
		B14BC97B20AA4CB900AC6524 /* Debug */ = {
			isa = XCBuildConfiguration;
			buildSettings = {
				ALWAYS_EMBED_SWIFT_STANDARD_LIBRARIES = YES;
				BUNDLE_LOADER = "$(TEST_HOST)";
				CODE_SIGN_STYLE = Automatic;
				INFOPLIST_FILE = "Social HuesTests/Info.plist";
				LD_RUNPATH_SEARCH_PATHS = (
					"$(inherited)",
					"@executable_path/Frameworks",
					"@loader_path/Frameworks",
				);
				PRODUCT_BUNDLE_IDENTIFIER = "m.Social-HuesTests";
				PRODUCT_NAME = "$(TARGET_NAME)";
				SWIFT_VERSION = 4.0;
				TARGETED_DEVICE_FAMILY = "1,2";
				TEST_HOST = "$(BUILT_PRODUCTS_DIR)/Social Hues.app/Social Hues";
			};
			name = Debug;
		};
		B14BC97C20AA4CB900AC6524 /* Release */ = {
			isa = XCBuildConfiguration;
			buildSettings = {
				ALWAYS_EMBED_SWIFT_STANDARD_LIBRARIES = YES;
				BUNDLE_LOADER = "$(TEST_HOST)";
				CODE_SIGN_STYLE = Automatic;
				INFOPLIST_FILE = "Social HuesTests/Info.plist";
				LD_RUNPATH_SEARCH_PATHS = (
					"$(inherited)",
					"@executable_path/Frameworks",
					"@loader_path/Frameworks",
				);
				PRODUCT_BUNDLE_IDENTIFIER = "m.Social-HuesTests";
				PRODUCT_NAME = "$(TARGET_NAME)";
				SWIFT_VERSION = 4.0;
				TARGETED_DEVICE_FAMILY = "1,2";
				TEST_HOST = "$(BUILT_PRODUCTS_DIR)/Social Hues.app/Social Hues";
			};
			name = Release;
		};
/* End XCBuildConfiguration section */

/* Begin XCConfigurationList section */
		B14BC95520AA4CB300AC6524 /* Build configuration list for PBXProject "Social Hues" */ = {
			isa = XCConfigurationList;
			buildConfigurations = (
				B14BC97520AA4CB900AC6524 /* Debug */,
				B14BC97620AA4CB900AC6524 /* Release */,
			);
			defaultConfigurationIsVisible = 0;
			defaultConfigurationName = Release;
		};
		B14BC97720AA4CB900AC6524 /* Build configuration list for PBXNativeTarget "Social Hues" */ = {
			isa = XCConfigurationList;
			buildConfigurations = (
				B14BC97820AA4CB900AC6524 /* Debug */,
				B14BC97920AA4CB900AC6524 /* Release */,
			);
			defaultConfigurationIsVisible = 0;
			defaultConfigurationName = Release;
		};
		B14BC97A20AA4CB900AC6524 /* Build configuration list for PBXNativeTarget "Social HuesTests" */ = {
			isa = XCConfigurationList;
			buildConfigurations = (
				B14BC97B20AA4CB900AC6524 /* Debug */,
				B14BC97C20AA4CB900AC6524 /* Release */,
			);
			defaultConfigurationIsVisible = 0;
			defaultConfigurationName = Release;
		};
/* End XCConfigurationList section */
	};
	rootObject = B14BC95220AA4CB300AC6524 /* Project object */;
}
